
Microsoft Visual Studio Solution File, Format Version 12.00
# Visual Studio Version 17
VisualStudioVersion = 17.4.33213.308
MinimumVisualStudioVersion = 10.0.40219.1
Project("{9A19103F-16F7-4668-BE54-9A1E7A4F7556}") = "11_level", "11_level\11_level.csproj", "{AEBEF73E-92FC-4375-A43D-87D234955526}"
EndProject
Project("{2150E333-8FDC-42A3-9474-1A3956D46DE8}") = "Элементы решения", "Элементы решения", "{3706D3AC-CB7B-4B88-B783-F30E5FED2CFC}"
	ProjectSection(SolutionItems) = preProject
		README.md = README.md
		..\..\..\Downloads\testing-template.docx = ..\..\..\Downloads\testing-template.docx
		..\..\..\Documents\user_manual.docx = ..\..\..\Documents\user_manual.docx
	EndProjectSection
EndProject
Global
	GlobalSection(SolutionConfigurationPlatforms) = preSolution
		Debug|Any CPU = Debug|Any CPU
		Release|Any CPU = Release|Any CPU
	EndGlobalSection
	GlobalSection(ProjectConfigurationPlatforms) = postSolution
		{AEBEF73E-92FC-4375-A43D-87D234955526}.Debug|Any CPU.ActiveCfg = Debug|Any CPU
		{AEBEF73E-92FC-4375-A43D-87D234955526}.Debug|Any CPU.Build.0 = Debug|Any CPU
		{AEBEF73E-92FC-4375-A43D-87D234955526}.Release|Any CPU.ActiveCfg = Release|Any CPU
		{AEBEF73E-92FC-4375-A43D-87D234955526}.Release|Any CPU.Build.0 = Release|Any CPU
	EndGlobalSection
	GlobalSection(SolutionProperties) = preSolution
		HideSolutionNode = FALSE
	EndGlobalSection
	GlobalSection(ExtensibilityGlobals) = postSolution
		SolutionGuid = {98791D89-A835-4C91-821A-39ACC8F71924}
	EndGlobalSection
EndGlobal
